{
  "name": "omj-simulator",
  "version": "1.0.0",
  "lockfileVersion": 1,
  "requires": true,
  "dependencies": {
    "@types/lodash": {
      "version": "4.14.175",
      "resolved": "http://registry.m.jd.com/@types/lodash/download/@types/lodash-4.14.175.tgz",
      "integrity": "sha1-t436lZGSsB+uCtkOFmR4dpshX0U="
    },
    "@types/node": {
      "version": "16.10.3",
      "resolved": "http://registry.m.jd.com/@types/node/download/@types/node-16.10.3.tgz",
      "integrity": "sha1-eo8oOGA+oxTR0iuzFx2JnhXFe9U="
    },
    "lodash": {
      "version": "4.17.21",
      "resolved": "http://registry.m.jd.com/lodash/download/lodash-4.17.21.tgz",
      "integrity": "sha1-Z5WRxWTDv/quhFTPCz3zcMPWkRw="
    },
    "typescript": {
      "version": "4.4.3",
      "resolved": "http://registry.m.jd.com/typescript/download/typescript-4.4.3.tgz",
      "integrity": "sha1-vcVAfKorEJ79T4L+EwZW+XeikyQ=",
      "dev": true
    },
    "xstate": {
      "version": "4.25.0",
      "resolved": "http://registry.m.jd.com/xstate/download/xstate-4.25.0.tgz",
      "integrity": "sha1-2QLvMxN1MgQ/eohZevjl4ceta98="
    }
  }
}
